// !$*UTF8*$!
{
	archiveVersion = 1;
	classes = {
	};
	objectVersion = 55;
	objects = {

/* Begin PBXBuildFile section */
		8D02128127CA636E004C82DA /* YourReading.xcdatamodeld in Sources */ = {isa = PBXBuildFile; fileRef = 8D02127F27CA636E004C82DA /* YourReading.xcdatamodeld */; };
		8D02128327CA74C2004C82DA /* DataController.swift in Sources */ = {isa = PBXBuildFile; fileRef = 8D02128227CA74C2004C82DA /* DataController.swift */; };
		8D02128A27CA76BA004C82DA /* Book+CoreDataClass.swift in Sources */ = {isa = PBXBuildFile; fileRef = 8D02128427CA76BA004C82DA /* Book+CoreDataClass.swift */; };
		8D02128B27CA76BA004C82DA /* Book+CoreDataProperties.swift in Sources */ = {isa = PBXBuildFile; fileRef = 8D02128527CA76BA004C82DA /* Book+CoreDataProperties.swift */; };
		8D02128C27CA76BA004C82DA /* Category+CoreDataClass.swift in Sources */ = {isa = PBXBuildFile; fileRef = 8D02128627CA76BA004C82DA /* Category+CoreDataClass.swift */; };
		8D02128D27CA76BA004C82DA /* Category+CoreDataProperties.swift in Sources */ = {isa = PBXBuildFile; fileRef = 8D02128727CA76BA004C82DA /* Category+CoreDataProperties.swift */; };
		8D02128E27CA76BA004C82DA /* Author+CoreDataClass.swift in Sources */ = {isa = PBXBuildFile; fileRef = 8D02128827CA76BA004C82DA /* Author+CoreDataClass.swift */; };
		8D02128F27CA76BA004C82DA /* Author+CoreDataProperties.swift in Sources */ = {isa = PBXBuildFile; fileRef = 8D02128927CA76BA004C82DA /* Author+CoreDataProperties.swift */; };
		8D02129327CA95D1004C82DA /* AppView.swift in Sources */ = {isa = PBXBuildFile; fileRef = 8D02129227CA95D1004C82DA /* AppView.swift */; };
		8D02129527CB4663004C82DA /* AddBookView.swift in Sources */ = {isa = PBXBuildFile; fileRef = 8D02129427CB4663004C82DA /* AddBookView.swift */; };
		8D02129727CD0533004C82DA /* StatusView.swift in Sources */ = {isa = PBXBuildFile; fileRef = 8D02129627CD0533004C82DA /* StatusView.swift */; };
		8D02129927CD053E004C82DA /* CategoryView.swift in Sources */ = {isa = PBXBuildFile; fileRef = 8D02129827CD053E004C82DA /* CategoryView.swift */; };
		8D02129B27CD1325004C82DA /* AddCategoryView.swift in Sources */ = {isa = PBXBuildFile; fileRef = 8D02129A27CD1325004C82DA /* AddCategoryView.swift */; };
		8D6B6AB027CE673A002A7CF7 /* CategoryDetail.swift in Sources */ = {isa = PBXBuildFile; fileRef = 8D6B6AAF27CE673A002A7CF7 /* CategoryDetail.swift */; };
		8D6CDA3B27C3014500F3F9E1 /* Color-Theme.swift in Sources */ = {isa = PBXBuildFile; fileRef = 8D6CDA3A27C3014500F3F9E1 /* Color-Theme.swift */; };
		8D6CDA3D27C303BF00F3F9E1 /* BookDetailView.swift in Sources */ = {isa = PBXBuildFile; fileRef = 8D6CDA3C27C303BF00F3F9E1 /* BookDetailView.swift */; };
		8D6CDA3F27C30A4A00F3F9E1 /* ListRowView.swift in Sources */ = {isa = PBXBuildFile; fileRef = 8D6CDA3E27C30A4A00F3F9E1 /* ListRowView.swift */; };
		8D6CDA4127C30CCD00F3F9E1 /* DateHelper.swift in Sources */ = {isa = PBXBuildFile; fileRef = 8D6CDA4027C30CCD00F3F9E1 /* DateHelper.swift */; };
		8D6CDA4527C39CCC00F3F9E1 /* ListButtonView.swift in Sources */ = {isa = PBXBuildFile; fileRef = 8D6CDA4427C39CCB00F3F9E1 /* ListButtonView.swift */; };
		8DDC244227D08FB400A36190 /* CategoryAddBook.swift in Sources */ = {isa = PBXBuildFile; fileRef = 8DDC244127D08FB400A36190 /* CategoryAddBook.swift */; };
		8DF8963827C272C7005AAF76 /* YourReadingApp.swift in Sources */ = {isa = PBXBuildFile; fileRef = 8DF8963727C272C7005AAF76 /* YourReadingApp.swift */; };
		8DF8963A27C272C7005AAF76 /* HomeView.swift in Sources */ = {isa = PBXBuildFile; fileRef = 8DF8963927C272C7005AAF76 /* HomeView.swift */; };
		8DF8963C27C272CB005AAF76 /* Assets.xcassets in Resources */ = {isa = PBXBuildFile; fileRef = 8DF8963B27C272CB005AAF76 /* Assets.xcassets */; };
		8DF8963F27C272CB005AAF76 /* Preview Assets.xcassets in Resources */ = {isa = PBXBuildFile; fileRef = 8DF8963E27C272CB005AAF76 /* Preview Assets.xcassets */; };
/* End PBXBuildFile section */

/* Begin PBXFileReference section */
		8D02128027CA636E004C82DA /* YourReading.xcdatamodel */ = {isa = PBXFileReference; lastKnownFileType = wrapper.xcdatamodel; path = YourReading.xcdatamodel; sourceTree = "<group>"; };
		8D02128227CA74C2004C82DA /* DataController.swift */ = {isa = PBXFileReference; lastKnownFileType = sourcecode.swift; path = DataController.swift; sourceTree = "<group>"; };
		8D02128427CA76BA004C82DA /* Book+CoreDataClass.swift */ = {isa = PBXFileReference; lastKnownFileType = sourcecode.swift; path = "Book+CoreDataClass.swift"; sourceTree = "<group>"; };
		8D02128527CA76BA004C82DA /* Book+CoreDataProperties.swift */ = {isa = PBXFileReference; lastKnownFileType = sourcecode.swift; path = "Book+CoreDataProperties.swift"; sourceTree = "<group>"; };
		8D02128627CA76BA004C82DA /* Category+CoreDataClass.swift */ = {isa = PBXFileReference; lastKnownFileType = sourcecode.swift; path = "Category+CoreDataClass.swift"; sourceTree = "<group>"; };
		8D02128727CA76BA004C82DA /* Category+CoreDataProperties.swift */ = {isa = PBXFileReference; lastKnownFileType = sourcecode.swift; path = "Category+CoreDataProperties.swift"; sourceTree = "<group>"; };
		8D02128827CA76BA004C82DA /* Author+CoreDataClass.swift */ = {isa = PBXFileReference; lastKnownFileType = sourcecode.swift; path = "Author+CoreDataClass.swift"; sourceTree = "<group>"; };
		8D02128927CA76BA004C82DA /* Author+CoreDataProperties.swift */ = {isa = PBXFileReference; lastKnownFileType = sourcecode.swift; path = "Author+CoreDataProperties.swift"; sourceTree = "<group>"; };
		8D02129227CA95D1004C82DA /* AppView.swift */ = {isa = PBXFileReference; lastKnownFileType = sourcecode.swift; path = AppView.swift; sourceTree = "<group>"; };
		8D02129427CB4663004C82DA /* AddBookView.swift */ = {isa = PBXFileReference; lastKnownFileType = sourcecode.swift; path = AddBookView.swift; sourceTree = "<group>"; };
		8D02129627CD0533004C82DA /* StatusView.swift */ = {isa = PBXFileReference; lastKnownFileType = sourcecode.swift; path = StatusView.swift; sourceTree = "<group>"; };
		8D02129827CD053E004C82DA /* CategoryView.swift */ = {isa = PBXFileReference; lastKnownFileType = sourcecode.swift; path = CategoryView.swift; sourceTree = "<group>"; };
		8D02129A27CD1325004C82DA /* AddCategoryView.swift */ = {isa = PBXFileReference; lastKnownFileType = sourcecode.swift; path = AddCategoryView.swift; sourceTree = "<group>"; };
		8D6B6AAF27CE673A002A7CF7 /* CategoryDetail.swift */ = {isa = PBXFileReference; lastKnownFileType = sourcecode.swift; path = CategoryDetail.swift; sourceTree = "<group>"; };
		8D6CDA3A27C3014500F3F9E1 /* Color-Theme.swift */ = {isa = PBXFileReference; lastKnownFileType = sourcecode.swift; path = "Color-Theme.swift"; sourceTree = "<group>"; };
		8D6CDA3C27C303BF00F3F9E1 /* BookDetailView.swift */ = {isa = PBXFileReference; lastKnownFileType = sourcecode.swift; path = BookDetailView.swift; sourceTree = "<group>"; };
		8D6CDA3E27C30A4A00F3F9E1 /* ListRowView.swift */ = {isa = PBXFileReference; lastKnownFileType = sourcecode.swift; path = ListRowView.swift; sourceTree = "<group>"; };
		8D6CDA4027C30CCD00F3F9E1 /* DateHelper.swift */ = {isa = PBXFileReference; lastKnownFileType = sourcecode.swift; path = DateHelper.swift; sourceTree = "<group>"; };
		8D6CDA4427C39CCB00F3F9E1 /* ListButtonView.swift */ = {isa = PBXFileReference; lastKnownFileType = sourcecode.swift; path = ListButtonView.swift; sourceTree = "<group>"; };
		8DDC244127D08FB400A36190 /* CategoryAddBook.swift */ = {isa = PBXFileReference; lastKnownFileType = sourcecode.swift; path = CategoryAddBook.swift; sourceTree = "<group>"; };
		8DF8963427C272C7005AAF76 /* YourReading.app */ = {isa = PBXFileReference; explicitFileType = wrapper.application; includeInIndex = 0; path = YourReading.app; sourceTree = BUILT_PRODUCTS_DIR; };
		8DF8963727C272C7005AAF76 /* YourReadingApp.swift */ = {isa = PBXFileReference; lastKnownFileType = sourcecode.swift; path = YourReadingApp.swift; sourceTree = "<group>"; };
		8DF8963927C272C7005AAF76 /* HomeView.swift */ = {isa = PBXFileReference; lastKnownFileType = sourcecode.swift; path = HomeView.swift; sourceTree = "<group>"; };
		8DF8963B27C272CB005AAF76 /* Assets.xcassets */ = {isa = PBXFileReference; lastKnownFileType = folder.assetcatalog; path = Assets.xcassets; sourceTree = "<group>"; };
		8DF8963E27C272CB005AAF76 /* Preview Assets.xcassets */ = {isa = PBXFileReference; lastKnownFileType = folder.assetcatalog; path = "Preview Assets.xcassets"; sourceTree = "<group>"; };
/* End PBXFileReference section */

/* Begin PBXFrameworksBuildPhase section */
		8DF8963127C272C7005AAF76 /* Frameworks */ = {
			isa = PBXFrameworksBuildPhase;
			buildActionMask = 2147483647;
			files = (
			);
			runOnlyForDeploymentPostprocessing = 0;
		};
/* End PBXFrameworksBuildPhase section */

/* Begin PBXGroup section */
		8DF8962B27C272C6005AAF76 = {
			isa = PBXGroup;
			children = (
				8DF8963627C272C7005AAF76 /* YourReading */,
				8DF8963527C272C7005AAF76 /* Products */,
			);
			sourceTree = "<group>";
		};
		8DF8963527C272C7005AAF76 /* Products */ = {
			isa = PBXGroup;
			children = (
				8DF8963427C272C7005AAF76 /* YourReading.app */,
			);
			name = Products;
			sourceTree = "<group>";
		};
		8DF8963627C272C7005AAF76 /* YourReading */ = {
			isa = PBXGroup;
			children = (
				8D02128427CA76BA004C82DA /* Book+CoreDataClass.swift */,
				8D02128527CA76BA004C82DA /* Book+CoreDataProperties.swift */,
				8D02128627CA76BA004C82DA /* Category+CoreDataClass.swift */,
				8D02128727CA76BA004C82DA /* Category+CoreDataProperties.swift */,
				8D02128827CA76BA004C82DA /* Author+CoreDataClass.swift */,
				8D02128927CA76BA004C82DA /* Author+CoreDataProperties.swift */,
				8DF8963727C272C7005AAF76 /* YourReadingApp.swift */,
				8DF8963927C272C7005AAF76 /* HomeView.swift */,
				8D6B6AAF27CE673A002A7CF7 /* CategoryDetail.swift */,
				8DDC244127D08FB400A36190 /* CategoryAddBook.swift */,
				8D02129627CD0533004C82DA /* StatusView.swift */,
				8D02129827CD053E004C82DA /* CategoryView.swift */,
				8D02129A27CD1325004C82DA /* AddCategoryView.swift */,
				8D02129427CB4663004C82DA /* AddBookView.swift */,
				8D02129227CA95D1004C82DA /* AppView.swift */,
				8D6CDA3C27C303BF00F3F9E1 /* BookDetailView.swift */,
				8D02127F27CA636E004C82DA /* YourReading.xcdatamodeld */,
				8D02128227CA74C2004C82DA /* DataController.swift */,
				8D6CDA4427C39CCB00F3F9E1 /* ListButtonView.swift */,
				8D6CDA4027C30CCD00F3F9E1 /* DateHelper.swift */,
				8D6CDA3E27C30A4A00F3F9E1 /* ListRowView.swift */,
				8D6CDA3A27C3014500F3F9E1 /* Color-Theme.swift */,
				8DF8963B27C272CB005AAF76 /* Assets.xcassets */,
				8DF8963D27C272CB005AAF76 /* Preview Content */,
			);
			path = YourReading;
			sourceTree = "<group>";
		};
		8DF8963D27C272CB005AAF76 /* Preview Content */ = {
			isa = PBXGroup;
			children = (
				8DF8963E27C272CB005AAF76 /* Preview Assets.xcassets */,
			);
			path = "Preview Content";
			sourceTree = "<group>";
		};
/* End PBXGroup section */

/* Begin PBXNativeTarget section */
		8DF8963327C272C7005AAF76 /* YourReading */ = {
			isa = PBXNativeTarget;
			buildConfigurationList = 8DF8964227C272CB005AAF76 /* Build configuration list for PBXNativeTarget "YourReading" */;
			buildPhases = (
				8DF8963027C272C7005AAF76 /* Sources */,
				8DF8963127C272C7005AAF76 /* Frameworks */,
				8DF8963227C272C7005AAF76 /* Resources */,
			);
			buildRules = (
			);
			dependencies = (
			);
			name = YourReading;
			productName = YourReading;
			productReference = 8DF8963427C272C7005AAF76 /* YourReading.app */;
			productType = "com.apple.product-type.application";
		};
/* End PBXNativeTarget section */

/* Begin PBXProject section */
		8DF8962C27C272C6005AAF76 /* Project object */ = {
			isa = PBXProject;
			attributes = {
				BuildIndependentTargetsInParallel = 1;
				LastSwiftUpdateCheck = 1320;
				LastUpgradeCheck = 1320;
				TargetAttributes = {
					8DF8963327C272C7005AAF76 = {
						CreatedOnToolsVersion = 13.2.1;
					};
				};
			};
			buildConfigurationList = 8DF8962F27C272C6005AAF76 /* Build configuration list for PBXProject "YourReading" */;
			compatibilityVersion = "Xcode 13.0";
			developmentRegion = en;
			hasScannedForEncodings = 0;
			knownRegions = (
				en,
				Base,
			);
			mainGroup = 8DF8962B27C272C6005AAF76;
			productRefGroup = 8DF8963527C272C7005AAF76 /* Products */;
			projectDirPath = "";
			projectRoot = "";
			targets = (
				8DF8963327C272C7005AAF76 /* YourReading */,
			);
		};
/* End PBXProject section */

/* Begin PBXResourcesBuildPhase section */
		8DF8963227C272C7005AAF76 /* Resources */ = {
			isa = PBXResourcesBuildPhase;
			buildActionMask = 2147483647;
			files = (
				8DF8963F27C272CB005AAF76 /* Preview Assets.xcassets in Resources */,
				8DF8963C27C272CB005AAF76 /* Assets.xcassets in Resources */,
			);
			runOnlyForDeploymentPostprocessing = 0;
		};
/* End PBXResourcesBuildPhase section */

/* Begin PBXSourcesBuildPhase section */
		8DF8963027C272C7005AAF76 /* Sources */ = {
			isa = PBXSourcesBuildPhase;
			buildActionMask = 2147483647;
			files = (
				8D02128127CA636E004C82DA /* YourReading.xcdatamodeld in Sources */,
				8DF8963A27C272C7005AAF76 /* HomeView.swift in Sources */,
				8D02129727CD0533004C82DA /* StatusView.swift in Sources */,
				8D02129527CB4663004C82DA /* AddBookView.swift in Sources */,
				8D02128B27CA76BA004C82DA /* Book+CoreDataProperties.swift in Sources */,
				8D02129927CD053E004C82DA /* CategoryView.swift in Sources */,
				8D02128C27CA76BA004C82DA /* Category+CoreDataClass.swift in Sources */,
				8DF8963827C272C7005AAF76 /* YourReadingApp.swift in Sources */,
				8D6B6AB027CE673A002A7CF7 /* CategoryDetail.swift in Sources */,
				8D6CDA4527C39CCC00F3F9E1 /* ListButtonView.swift in Sources */,
				8D6CDA3F27C30A4A00F3F9E1 /* ListRowView.swift in Sources */,
				8D02128D27CA76BA004C82DA /* Category+CoreDataProperties.swift in Sources */,
				8D02128F27CA76BA004C82DA /* Author+CoreDataProperties.swift in Sources */,
				8D02128327CA74C2004C82DA /* DataController.swift in Sources */,
				8D6CDA3D27C303BF00F3F9E1 /* BookDetailView.swift in Sources */,
				8D02128A27CA76BA004C82DA /* Book+CoreDataClass.swift in Sources */,
				8D02129327CA95D1004C82DA /* AppView.swift in Sources */,
				8D02128E27CA76BA004C82DA /* Author+CoreDataClass.swift in Sources */,
				8D6CDA4127C30CCD00F3F9E1 /* DateHelper.swift in Sources */,
				8D02129B27CD1325004C82DA /* AddCategoryView.swift in Sources */,
				8D6CDA3B27C3014500F3F9E1 /* Color-Theme.swift in Sources */,
				8DDC244227D08FB400A36190 /* CategoryAddBook.swift in Sources */,
			);
			runOnlyForDeploymentPostprocessing = 0;
		};
/* End PBXSourcesBuildPhase section */

/* Begin XCBuildConfiguration section */
		8DF8964027C272CB005AAF76 /* Debug */ = {
			isa = XCBuildConfiguration;
			buildSettings = {
				ALWAYS_SEARCH_USER_PATHS = NO;
				CLANG_ANALYZER_NONNULL = YES;
				CLANG_ANALYZER_NUMBER_OBJECT_CONVERSION = YES_AGGRESSIVE;
				CLANG_CXX_LANGUAGE_STANDARD = "gnu++17";
				CLANG_CXX_LIBRARY = "libc++";
				CLANG_ENABLE_MODULES = YES;
				CLANG_ENABLE_OBJC_ARC = YES;
				CLANG_ENABLE_OBJC_WEAK = YES;
				CLANG_WARN_BLOCK_CAPTURE_AUTORELEASING = YES;
				CLANG_WARN_BOOL_CONVERSION = YES;
				CLANG_WARN_COMMA = YES;
				CLANG_WARN_CONSTANT_CONVERSION = YES;
				CLANG_WARN_DEPRECATED_OBJC_IMPLEMENTATIONS = YES;
				CLANG_WARN_DIRECT_OBJC_ISA_USAGE = YES_ERROR;
				CLANG_WARN_DOCUMENTATION_COMMENTS = YES;
				CLANG_WARN_EMPTY_BODY = YES;
				CLANG_WARN_ENUM_CONVERSION = YES;
				CLANG_WARN_INFINITE_RECURSION = YES;
				CLANG_WARN_INT_CONVERSION = YES;
				CLANG_WARN_NON_LITERAL_NULL_CONVERSION = YES;
				CLANG_WARN_OBJC_IMPLICIT_RETAIN_SELF = YES;
				CLANG_WARN_OBJC_LITERAL_CONVERSION = YES;
				CLANG_WARN_OBJC_ROOT_CLASS = YES_ERROR;
				CLANG_WARN_QUOTED_INCLUDE_IN_FRAMEWORK_HEADER = YES;
				CLANG_WARN_RANGE_LOOP_ANALYSIS = YES;
				CLANG_WARN_STRICT_PROTOTYPES = YES;
				CLANG_WARN_SUSPICIOUS_MOVE = YES;
				CLANG_WARN_UNGUARDED_AVAILABILITY = YES_AGGRESSIVE;
				CLANG_WARN_UNREACHABLE_CODE = YES;
				CLANG_WARN__DUPLICATE_METHOD_MATCH = YES;
				COPY_PHASE_STRIP = NO;
				DEBUG_INFORMATION_FORMAT = dwarf;
				ENABLE_STRICT_OBJC_MSGSEND = YES;
				ENABLE_TESTABILITY = YES;
				GCC_C_LANGUAGE_STANDARD = gnu11;
				GCC_DYNAMIC_NO_PIC = NO;
				GCC_NO_COMMON_BLOCKS = YES;
				GCC_OPTIMIZATION_LEVEL = 0;
				GCC_PREPROCESSOR_DEFINITIONS = (
					"DEBUG=1",
					"$(inherited)",
				);
				GCC_WARN_64_TO_32_BIT_CONVERSION = YES;
				GCC_WARN_ABOUT_RETURN_TYPE = YES_ERROR;
				GCC_WARN_UNDECLARED_SELECTOR = YES;
				GCC_WARN_UNINITIALIZED_AUTOS = YES_AGGRESSIVE;
				GCC_WARN_UNUSED_FUNCTION = YES;
				GCC_WARN_UNUSED_VARIABLE = YES;
				IPHONEOS_DEPLOYMENT_TARGET = 15.2;
				MTL_ENABLE_DEBUG_INFO = INCLUDE_SOURCE;
				MTL_FAST_MATH = YES;
				ONLY_ACTIVE_ARCH = YES;
				SDKROOT = iphoneos;
				SWIFT_ACTIVE_COMPILATION_CONDITIONS = DEBUG;
				SWIFT_EMIT_LOC_STRINGS = NO;
				SWIFT_OPTIMIZATION_LEVEL = "-Onone";
			};
			name = Debug;
		};
		8DF8964127C272CB005AAF76 /* Release */ = {
			isa = XCBuildConfiguration;
			buildSettings = {
				ALWAYS_SEARCH_USER_PATHS = NO;
				CLANG_ANALYZER_NONNULL = YES;
				CLANG_ANALYZER_NUMBER_OBJECT_CONVERSION = YES_AGGRESSIVE;
				CLANG_CXX_LANGUAGE_STANDARD = "gnu++17";
				CLANG_CXX_LIBRARY = "libc++";
				CLANG_ENABLE_MODULES = YES;
				CLANG_ENABLE_OBJC_ARC = YES;
				CLANG_ENABLE_OBJC_WEAK = YES;
				CLANG_WARN_BLOCK_CAPTURE_AUTORELEASING = YES;
				CLANG_WARN_BOOL_CONVERSION = YES;
				CLANG_WARN_COMMA = YES;
				CLANG_WARN_CONSTANT_CONVERSION = YES;
				CLANG_WARN_DEPRECATED_OBJC_IMPLEMENTATIONS = YES;
				CLANG_WARN_DIRECT_OBJC_ISA_USAGE = YES_ERROR;
				CLANG_WARN_DOCUMENTATION_COMMENTS = YES;
				CLANG_WARN_EMPTY_BODY = YES;
				CLANG_WARN_ENUM_CONVERSION = YES;
				CLANG_WARN_INFINITE_RECURSION = YES;
				CLANG_WARN_INT_CONVERSION = YES;
				CLANG_WARN_NON_LITERAL_NULL_CONVERSION = YES;
				CLANG_WARN_OBJC_IMPLICIT_RETAIN_SELF = YES;
				CLANG_WARN_OBJC_LITERAL_CONVERSION = YES;
				CLANG_WARN_OBJC_ROOT_CLASS = YES_ERROR;
				CLANG_WARN_QUOTED_INCLUDE_IN_FRAMEWORK_HEADER = YES;
				CLANG_WARN_RANGE_LOOP_ANALYSIS = YES;
				CLANG_WARN_STRICT_PROTOTYPES = YES;
				CLANG_WARN_SUSPICIOUS_MOVE = YES;
				CLANG_WARN_UNGUARDED_AVAILABILITY = YES_AGGRESSIVE;
				CLANG_WARN_UNREACHABLE_CODE = YES;
				CLANG_WARN__DUPLICATE_METHOD_MATCH = YES;
				COPY_PHASE_STRIP = NO;
				DEBUG_INFORMATION_FORMAT = "dwarf-with-dsym";
				ENABLE_NS_ASSERTIONS = NO;
				ENABLE_STRICT_OBJC_MSGSEND = YES;
				GCC_C_LANGUAGE_STANDARD = gnu11;
				GCC_NO_COMMON_BLOCKS = YES;
				GCC_WARN_64_TO_32_BIT_CONVERSION = YES;
				GCC_WARN_ABOUT_RETURN_TYPE = YES_ERROR;
				GCC_WARN_UNDECLARED_SELECTOR = YES;
				GCC_WARN_UNINITIALIZED_AUTOS = YES_AGGRESSIVE;
				GCC_WARN_UNUSED_FUNCTION = YES;
				GCC_WARN_UNUSED_VARIABLE = YES;
				IPHONEOS_DEPLOYMENT_TARGET = 15.2;
				MTL_ENABLE_DEBUG_INFO = NO;
				MTL_FAST_MATH = YES;
				SDKROOT = iphoneos;
				SWIFT_COMPILATION_MODE = wholemodule;
				SWIFT_EMIT_LOC_STRINGS = NO;
				SWIFT_OPTIMIZATION_LEVEL = "-O";
				VALIDATE_PRODUCT = YES;
			};
			name = Release;
		};
		8DF8964327C272CB005AAF76 /* Debug */ = {
			isa = XCBuildConfiguration;
			buildSettings = {
				ASSETCATALOG_COMPILER_APPICON_NAME = AppIcon;
				ASSETCATALOG_COMPILER_GLOBAL_ACCENT_COLOR_NAME = AccentColor;
				CODE_SIGN_STYLE = Automatic;
				CURRENT_PROJECT_VERSION = 1;
				DEVELOPMENT_ASSET_PATHS = "\"YourReading/Preview Content\"";
				DEVELOPMENT_TEAM = VXMCZJQ3C9;
				ENABLE_PREVIEWS = YES;
				GENERATE_INFOPLIST_FILE = YES;
				INFOPLIST_KEY_UIApplicationSceneManifest_Generation = YES;
				INFOPLIST_KEY_UIApplicationSupportsIndirectInputEvents = YES;
				INFOPLIST_KEY_UILaunchScreen_Generation = YES;
				INFOPLIST_KEY_UISupportedInterfaceOrientations_iPad = "UIInterfaceOrientationPortrait UIInterfaceOrientationPortraitUpsideDown UIInterfaceOrientationLandscapeLeft UIInterfaceOrientationLandscapeRight";
				INFOPLIST_KEY_UISupportedInterfaceOrientations_iPhone = "UIInterfaceOrientationPortrait UIInterfaceOrientationLandscapeLeft UIInterfaceOrientationLandscapeRight";
				LD_RUNPATH_SEARCH_PATHS = (
					"$(inherited)",
					"@executable_path/Frameworks",
				);
				MARKETING_VERSION = 1.0;
				PRODUCT_BUNDLE_IDENTIFIER = me.chenyian.YourReading;
				PRODUCT_NAME = "$(TARGET_NAME)";
				SWIFT_EMIT_LOC_STRINGS = YES;
				SWIFT_VERSION = 5.0;
				TARGETED_DEVICE_FAMILY = "1,2";
			};
			name = Debug;
		};
		8DF8964427C272CB005AAF76 /* Release */ = {
			isa = XCBuildConfiguration;
			buildSettings = {
				ASSETCATALOG_COMPILER_APPICON_NAME = AppIcon;
				ASSETCATALOG_COMPILER_GLOBAL_ACCENT_COLOR_NAME = AccentColor;
				CODE_SIGN_STYLE = Automatic;
				CURRENT_PROJECT_VERSION = 1;
				DEVELOPMENT_ASSET_PATHS = "\"YourReading/Preview Content\"";
				DEVELOPMENT_TEAM = VXMCZJQ3C9;
				ENABLE_PREVIEWS = YES;
				GENERATE_INFOPLIST_FILE = YES;
				INFOPLIST_KEY_UIApplicationSceneManifest_Generation = YES;
				INFOPLIST_KEY_UIApplicationSupportsIndirectInputEvents = YES;
				INFOPLIST_KEY_UILaunchScreen_Generation = YES;
				INFOPLIST_KEY_UISupportedInterfaceOrientations_iPad = "UIInterfaceOrientationPortrait UIInterfaceOrientationPortraitUpsideDown UIInterfaceOrientationLandscapeLeft UIInterfaceOrientationLandscapeRight";
				INFOPLIST_KEY_UISupportedInterfaceOrientations_iPhone = "UIInterfaceOrientationPortrait UIInterfaceOrientationLandscapeLeft UIInterfaceOrientationLandscapeRight";
				LD_RUNPATH_SEARCH_PATHS = (
					"$(inherited)",
					"@executable_path/Frameworks",
				);
				MARKETING_VERSION = 1.0;
				PRODUCT_BUNDLE_IDENTIFIER = me.chenyian.YourReading;
				PRODUCT_NAME = "$(TARGET_NAME)";
				SWIFT_EMIT_LOC_STRINGS = YES;
				SWIFT_VERSION = 5.0;
				TARGETED_DEVICE_FAMILY = "1,2";
			};
			name = Release;
		};
/* End XCBuildConfiguration section */

/* Begin XCConfigurationList section */
		8DF8962F27C272C6005AAF76 /* Build configuration list for PBXProject "YourReading" */ = {
			isa = XCConfigurationList;
			buildConfigurations = (
				8DF8964027C272CB005AAF76 /* Debug */,
				8DF8964127C272CB005AAF76 /* Release */,
			);
			defaultConfigurationIsVisible = 0;
			defaultConfigurationName = Release;
		};
		8DF8964227C272CB005AAF76 /* Build configuration list for PBXNativeTarget "YourReading" */ = {
			isa = XCConfigurationList;
			buildConfigurations = (
				8DF8964327C272CB005AAF76 /* Debug */,
				8DF8964427C272CB005AAF76 /* Release */,
			);
			defaultConfigurationIsVisible = 0;
			defaultConfigurationName = Release;
		};
/* End XCConfigurationList section */

/* Begin XCVersionGroup section */
		8D02127F27CA636E004C82DA /* YourReading.xcdatamodeld */ = {
			isa = XCVersionGroup;
			children = (
				8D02128027CA636E004C82DA /* YourReading.xcdatamodel */,
			);
			currentVersion = 8D02128027CA636E004C82DA /* YourReading.xcdatamodel */;
			path = YourReading.xcdatamodeld;
			sourceTree = "<group>";
			versionGroupType = wrapper.xcdatamodel;
		};
/* End XCVersionGroup section */
	};
	rootObject = 8DF8962C27C272C6005AAF76 /* Project object */;
}
